// !$*UTF8*$!
{
	archiveVersion = 1;
	classes = {
	};
	objectVersion = 50;
	objects = {

/* Begin PBXBuildFile section */
		4D3F3EFD26CEB1E5008CA290 /* VideoCell.swift in Sources */ = {isa = PBXBuildFile; fileRef = 4D3F3EFB26CEB1E5008CA290 /* VideoCell.swift */; };
		4D3F3EFE26CEB1E5008CA290 /* VideoCell.xib in Resources */ = {isa = PBXBuildFile; fileRef = 4D3F3EFC26CEB1E5008CA290 /* VideoCell.xib */; };
		4D3F3F0126CEB1FF008CA290 /* StoryCell.swift in Sources */ = {isa = PBXBuildFile; fileRef = 4D3F3EFF26CEB1FF008CA290 /* StoryCell.swift */; };
		4D3F3F0226CEB1FF008CA290 /* Storycell.xib in Resources */ = {isa = PBXBuildFile; fileRef = 4D3F3F0026CEB1FF008CA290 /* Storycell.xib */; };
		4D3F3F0526CEB24B008CA290 /* StoryCollectionViewController.swift in Sources */ = {isa = PBXBuildFile; fileRef = 4D3F3F0326CEB24B008CA290 /* StoryCollectionViewController.swift */; };
		4D3F3F0826D2BD03008CA290 /* MainModel.swift in Sources */ = {isa = PBXBuildFile; fileRef = 4D3F3F0726D2BD03008CA290 /* MainModel.swift */; };
		4D3F3F0C26D3A836008CA290 /* String+Extension.swift in Sources */ = {isa = PBXBuildFile; fileRef = 4D3F3F0B26D3A836008CA290 /* String+Extension.swift */; };
		4D3F3F0F26D3DD11008CA290 /* NewsCell.swift in Sources */ = {isa = PBXBuildFile; fileRef = 4D3F3F0D26D3DD11008CA290 /* NewsCell.swift */; };
		4D3F3F1026D3DD11008CA290 /* NewsCell.xib in Resources */ = {isa = PBXBuildFile; fileRef = 4D3F3F0E26D3DD11008CA290 /* NewsCell.xib */; };
		BD1FA56A26C44DF4009580E7 /* AppDelegate.swift in Sources */ = {isa = PBXBuildFile; fileRef = BD1FA56926C44DF4009580E7 /* AppDelegate.swift */; };
		BD1FA56C26C44DF4009580E7 /* SceneDelegate.swift in Sources */ = {isa = PBXBuildFile; fileRef = BD1FA56B26C44DF4009580E7 /* SceneDelegate.swift */; };
		BD1FA56E26C44DF4009580E7 /* HomeTableViewController.swift in Sources */ = {isa = PBXBuildFile; fileRef = BD1FA56D26C44DF4009580E7 /* HomeTableViewController.swift */; };
		BD1FA57126C44DF4009580E7 /* Main.storyboard in Resources */ = {isa = PBXBuildFile; fileRef = BD1FA56F26C44DF4009580E7 /* Main.storyboard */; };
		BD1FA57426C44DF4009580E7 /* Youtube_UIKit_API.xcdatamodeld in Sources */ = {isa = PBXBuildFile; fileRef = BD1FA57226C44DF4009580E7 /* Youtube_UIKit_API.xcdatamodeld */; };
		BD1FA57626C44DF5009580E7 /* Assets.xcassets in Resources */ = {isa = PBXBuildFile; fileRef = BD1FA57526C44DF5009580E7 /* Assets.xcassets */; };
		BD1FA57926C44DF5009580E7 /* LaunchScreen.storyboard in Resources */ = {isa = PBXBuildFile; fileRef = BD1FA57726C44DF5009580E7 /* LaunchScreen.storyboard */; };
		BD1FA58E26C4535F009580E7 /* TabbarController.swift in Sources */ = {isa = PBXBuildFile; fileRef = BD1FA58D26C4535F009580E7 /* TabbarController.swift */; };
		BD208C1A26C4EDDE00407137 /* HomeFeedService.swift in Sources */ = {isa = PBXBuildFile; fileRef = BD208C1926C4EDDE00407137 /* HomeFeedService.swift */; };
		BD208C1C26C4EE8400407137 /* config.swift in Sources */ = {isa = PBXBuildFile; fileRef = BD208C1B26C4EE8400407137 /* config.swift */; };
/* End PBXBuildFile section */

/* Begin PBXFileReference section */
		4D3F3EFB26CEB1E5008CA290 /* VideoCell.swift */ = {isa = PBXFileReference; lastKnownFileType = sourcecode.swift; path = VideoCell.swift; sourceTree = "<group>"; };
		4D3F3EFC26CEB1E5008CA290 /* VideoCell.xib */ = {isa = PBXFileReference; lastKnownFileType = file.xib; path = VideoCell.xib; sourceTree = "<group>"; };
		4D3F3EFF26CEB1FF008CA290 /* StoryCell.swift */ = {isa = PBXFileReference; lastKnownFileType = sourcecode.swift; path = StoryCell.swift; sourceTree = "<group>"; };
		4D3F3F0026CEB1FF008CA290 /* Storycell.xib */ = {isa = PBXFileReference; lastKnownFileType = file.xib; path = Storycell.xib; sourceTree = "<group>"; };
		4D3F3F0326CEB24B008CA290 /* StoryCollectionViewController.swift */ = {isa = PBXFileReference; lastKnownFileType = sourcecode.swift; path = StoryCollectionViewController.swift; sourceTree = "<group>"; };
		4D3F3F0726D2BD03008CA290 /* MainModel.swift */ = {isa = PBXFileReference; lastKnownFileType = sourcecode.swift; path = MainModel.swift; sourceTree = "<group>"; };
		4D3F3F0B26D3A836008CA290 /* String+Extension.swift */ = {isa = PBXFileReference; lastKnownFileType = sourcecode.swift; path = "String+Extension.swift"; sourceTree = "<group>"; };
		4D3F3F0D26D3DD11008CA290 /* NewsCell.swift */ = {isa = PBXFileReference; lastKnownFileType = sourcecode.swift; path = NewsCell.swift; sourceTree = "<group>"; };
		4D3F3F0E26D3DD11008CA290 /* NewsCell.xib */ = {isa = PBXFileReference; lastKnownFileType = file.xib; path = NewsCell.xib; sourceTree = "<group>"; };
		BD1FA56626C44DF4009580E7 /* Youtube-UIKit-API.app */ = {isa = PBXFileReference; explicitFileType = wrapper.application; includeInIndex = 0; path = "Youtube-UIKit-API.app"; sourceTree = BUILT_PRODUCTS_DIR; };
		BD1FA56926C44DF4009580E7 /* AppDelegate.swift */ = {isa = PBXFileReference; lastKnownFileType = sourcecode.swift; path = AppDelegate.swift; sourceTree = "<group>"; };
		BD1FA56B26C44DF4009580E7 /* SceneDelegate.swift */ = {isa = PBXFileReference; lastKnownFileType = sourcecode.swift; path = SceneDelegate.swift; sourceTree = "<group>"; };
		BD1FA56D26C44DF4009580E7 /* HomeTableViewController.swift */ = {isa = PBXFileReference; lastKnownFileType = sourcecode.swift; path = HomeTableViewController.swift; sourceTree = "<group>"; };
		BD1FA57026C44DF4009580E7 /* Base */ = {isa = PBXFileReference; lastKnownFileType = file.storyboard; name = Base; path = Base.lproj/Main.storyboard; sourceTree = "<group>"; };
		BD1FA57326C44DF4009580E7 /* Youtube_UIKit_API.xcdatamodel */ = {isa = PBXFileReference; lastKnownFileType = wrapper.xcdatamodel; path = Youtube_UIKit_API.xcdatamodel; sourceTree = "<group>"; };
		BD1FA57526C44DF5009580E7 /* Assets.xcassets */ = {isa = PBXFileReference; lastKnownFileType = folder.assetcatalog; path = Assets.xcassets; sourceTree = "<group>"; };
		BD1FA57826C44DF5009580E7 /* Base */ = {isa = PBXFileReference; lastKnownFileType = file.storyboard; name = Base; path = Base.lproj/LaunchScreen.storyboard; sourceTree = "<group>"; };
		BD1FA57A26C44DF5009580E7 /* Info.plist */ = {isa = PBXFileReference; lastKnownFileType = text.plist.xml; path = Info.plist; sourceTree = "<group>"; };
		BD1FA58D26C4535F009580E7 /* TabbarController.swift */ = {isa = PBXFileReference; lastKnownFileType = sourcecode.swift; path = TabbarController.swift; sourceTree = "<group>"; };
		BD208C1926C4EDDE00407137 /* HomeFeedService.swift */ = {isa = PBXFileReference; lastKnownFileType = sourcecode.swift; path = HomeFeedService.swift; sourceTree = "<group>"; };
		BD208C1B26C4EE8400407137 /* config.swift */ = {isa = PBXFileReference; lastKnownFileType = sourcecode.swift; path = config.swift; sourceTree = "<group>"; };
/* End PBXFileReference section */

/* Begin PBXFrameworksBuildPhase section */
		BD1FA56326C44DF4009580E7 /* Frameworks */ = {
			isa = PBXFrameworksBuildPhase;
			buildActionMask = 2147483647;
			files = (
			);
			runOnlyForDeploymentPostprocessing = 0;
		};
/* End PBXFrameworksBuildPhase section */

/* Begin PBXGroup section */
		BD1FA55D26C44DF4009580E7 = {
			isa = PBXGroup;
			children = (
				BD1FA56826C44DF4009580E7 /* Youtube-UIKit-API */,
				BD1FA56726C44DF4009580E7 /* Products */,
			);
			sourceTree = "<group>";
		};
		BD1FA56726C44DF4009580E7 /* Products */ = {
			isa = PBXGroup;
			children = (
				BD1FA56626C44DF4009580E7 /* Youtube-UIKit-API.app */,
			);
			name = Products;
			sourceTree = "<group>";
		};
		BD1FA56826C44DF4009580E7 /* Youtube-UIKit-API */ = {
			isa = PBXGroup;
			children = (
				BD1FA58426C44EC8009580E7 /* controllers */,
				BD1FA58226C44EB1009580E7 /* views */,
				BD1FA58126C44EAB009580E7 /* models */,
				BD208C1826C4EDCB00407137 /* https */,
				BD1FA58026C44EA3009580E7 /* utils */,
				BD1FA56926C44DF4009580E7 /* AppDelegate.swift */,
				BD1FA56B26C44DF4009580E7 /* SceneDelegate.swift */,
				BD1FA56F26C44DF4009580E7 /* Main.storyboard */,
				BD1FA57526C44DF5009580E7 /* Assets.xcassets */,
				BD1FA57726C44DF5009580E7 /* LaunchScreen.storyboard */,
				BD1FA57A26C44DF5009580E7 /* Info.plist */,
				BD1FA57226C44DF4009580E7 /* Youtube_UIKit_API.xcdatamodeld */,
			);
			path = "Youtube-UIKit-API";
			sourceTree = "<group>";
		};
		BD1FA58026C44EA3009580E7 /* utils */ = {
			isa = PBXGroup;
			children = (
				BD208C1B26C4EE8400407137 /* config.swift */,
				4D3F3F0B26D3A836008CA290 /* String+Extension.swift */,
			);
			path = utils;
			sourceTree = "<group>";
		};
		BD1FA58126C44EAB009580E7 /* models */ = {
			isa = PBXGroup;
			children = (
				4D3F3F0726D2BD03008CA290 /* MainModel.swift */,
			);
			path = models;
			sourceTree = "<group>";
		};
		BD1FA58226C44EB1009580E7 /* views */ = {
			isa = PBXGroup;
			children = (
				4D3F3EFB26CEB1E5008CA290 /* VideoCell.swift */,
				4D3F3EFC26CEB1E5008CA290 /* VideoCell.xib */,
				4D3F3EFF26CEB1FF008CA290 /* StoryCell.swift */,
				4D3F3F0026CEB1FF008CA290 /* Storycell.xib */,
				4D3F3F0D26D3DD11008CA290 /* NewsCell.swift */,
				4D3F3F0E26D3DD11008CA290 /* NewsCell.xib */,
			);
			path = views;
			sourceTree = "<group>";
		};
		BD1FA58426C44EC8009580E7 /* controllers */ = {
			isa = PBXGroup;
			children = (
				BD1FA56D26C44DF4009580E7 /* HomeTableViewController.swift */,
				BD1FA58D26C4535F009580E7 /* TabbarController.swift */,
				4D3F3F0326CEB24B008CA290 /* StoryCollectionViewController.swift */,
			);
			path = controllers;
			sourceTree = "<group>";
		};
		BD208C1826C4EDCB00407137 /* https */ = {
			isa = PBXGroup;
			children = (
				BD208C1926C4EDDE00407137 /* HomeFeedService.swift */,
			);
			path = https;
			sourceTree = "<group>";
		};
/* End PBXGroup section */

/* Begin PBXNativeTarget section */
		BD1FA56526C44DF4009580E7 /* Youtube-UIKit-API */ = {
			isa = PBXNativeTarget;
			buildConfigurationList = BD1FA57D26C44DF5009580E7 /* Build configuration list for PBXNativeTarget "Youtube-UIKit-API" */;
			buildPhases = (
				BD1FA56226C44DF4009580E7 /* Sources */,
				BD1FA56326C44DF4009580E7 /* Frameworks */,
				BD1FA56426C44DF4009580E7 /* Resources */,
			);
			buildRules = (
			);
			dependencies = (
			);
			name = "Youtube-UIKit-API";
			productName = "Youtube-UIKit-API";
			productReference = BD1FA56626C44DF4009580E7 /* Youtube-UIKit-API.app */;
			productType = "com.apple.product-type.application";
		};
/* End PBXNativeTarget section */

/* Begin PBXProject section */
		BD1FA55E26C44DF4009580E7 /* Project object */ = {
			isa = PBXProject;
			attributes = {
				LastSwiftUpdateCheck = 1250;
				LastUpgradeCheck = 1250;
				TargetAttributes = {
					BD1FA56526C44DF4009580E7 = {
						CreatedOnToolsVersion = 12.5;
					};
				};
			};
			buildConfigurationList = BD1FA56126C44DF4009580E7 /* Build configuration list for PBXProject "Youtube-UIKit-API" */;
			compatibilityVersion = "Xcode 9.3";
			developmentRegion = en;
			hasScannedForEncodings = 0;
			knownRegions = (
				en,
				Base,
			);
			mainGroup = BD1FA55D26C44DF4009580E7;
			productRefGroup = BD1FA56726C44DF4009580E7 /* Products */;
			projectDirPath = "";
			projectRoot = "";
			targets = (
				BD1FA56526C44DF4009580E7 /* Youtube-UIKit-API */,
			);
		};
/* End PBXProject section */

/* Begin PBXResourcesBuildPhase section */
		BD1FA56426C44DF4009580E7 /* Resources */ = {
			isa = PBXResourcesBuildPhase;
			buildActionMask = 2147483647;
			files = (
				4D3F3F1026D3DD11008CA290 /* NewsCell.xib in Resources */,
				BD1FA57926C44DF5009580E7 /* LaunchScreen.storyboard in Resources */,
				4D3F3EFE26CEB1E5008CA290 /* VideoCell.xib in Resources */,
				BD1FA57626C44DF5009580E7 /* Assets.xcassets in Resources */,
				4D3F3F0226CEB1FF008CA290 /* Storycell.xib in Resources */,
				BD1FA57126C44DF4009580E7 /* Main.storyboard in Resources */,
			);
			runOnlyForDeploymentPostprocessing = 0;
		};
/* End PBXResourcesBuildPhase section */

/* Begin PBXSourcesBuildPhase section */
		BD1FA56226C44DF4009580E7 /* Sources */ = {
			isa = PBXSourcesBuildPhase;
			buildActionMask = 2147483647;
			files = (
				BD1FA56E26C44DF4009580E7 /* HomeTableViewController.swift in Sources */,
				BD1FA57426C44DF4009580E7 /* Youtube_UIKit_API.xcdatamodeld in Sources */,
				4D3F3F0826D2BD03008CA290 /* MainModel.swift in Sources */,
				4D3F3F0126CEB1FF008CA290 /* StoryCell.swift in Sources */,
				4D3F3F0C26D3A836008CA290 /* String+Extension.swift in Sources */,
				4D3F3F0F26D3DD11008CA290 /* NewsCell.swift in Sources */,
				4D3F3EFD26CEB1E5008CA290 /* VideoCell.swift in Sources */,
				BD208C1C26C4EE8400407137 /* config.swift in Sources */,
				BD1FA56A26C44DF4009580E7 /* AppDelegate.swift in Sources */,
				4D3F3F0526CEB24B008CA290 /* StoryCollectionViewController.swift in Sources */,
				BD208C1A26C4EDDE00407137 /* HomeFeedService.swift in Sources */,
				BD1FA56C26C44DF4009580E7 /* SceneDelegate.swift in Sources */,
				BD1FA58E26C4535F009580E7 /* TabbarController.swift in Sources */,
			);
			runOnlyForDeploymentPostprocessing = 0;
		};
/* End PBXSourcesBuildPhase section */

/* Begin PBXVariantGroup section */
		BD1FA56F26C44DF4009580E7 /* Main.storyboard */ = {
			isa = PBXVariantGroup;
			children = (
				BD1FA57026C44DF4009580E7 /* Base */,
			);
			name = Main.storyboard;
			sourceTree = "<group>";
		};
		BD1FA57726C44DF5009580E7 /* LaunchScreen.storyboard */ = {
			isa = PBXVariantGroup;
			children = (
				BD1FA57826C44DF5009580E7 /* Base */,
			);
			name = LaunchScreen.storyboard;
			sourceTree = "<group>";
		};
/* End PBXVariantGroup section */

/* Begin XCBuildConfiguration section */
		BD1FA57B26C44DF5009580E7 /* Debug */ = {
			isa = XCBuildConfiguration;
			buildSettings = {
				ALWAYS_SEARCH_USER_PATHS = NO;
				CLANG_ANALYZER_NONNULL = YES;
				CLANG_ANALYZER_NUMBER_OBJECT_CONVERSION = YES_AGGRESSIVE;
				CLANG_CXX_LANGUAGE_STANDARD = "gnu++14";
				CLANG_CXX_LIBRARY = "libc++";
				CLANG_ENABLE_MODULES = YES;
				CLANG_ENABLE_OBJC_ARC = YES;
				CLANG_ENABLE_OBJC_WEAK = YES;
				CLANG_WARN_BLOCK_CAPTURE_AUTORELEASING = YES;
				CLANG_WARN_BOOL_CONVERSION = YES;
				CLANG_WARN_COMMA = YES;
				CLANG_WARN_CONSTANT_CONVERSION = YES;
				CLANG_WARN_DEPRECATED_OBJC_IMPLEMENTATIONS = YES;
				CLANG_WARN_DIRECT_OBJC_ISA_USAGE = YES_ERROR;
				CLANG_WARN_DOCUMENTATION_COMMENTS = YES;
				CLANG_WARN_EMPTY_BODY = YES;
				CLANG_WARN_ENUM_CONVERSION = YES;
				CLANG_WARN_INFINITE_RECURSION = YES;
				CLANG_WARN_INT_CONVERSION = YES;
				CLANG_WARN_NON_LITERAL_NULL_CONVERSION = YES;
				CLANG_WARN_OBJC_IMPLICIT_RETAIN_SELF = YES;
				CLANG_WARN_OBJC_LITERAL_CONVERSION = YES;
				CLANG_WARN_OBJC_ROOT_CLASS = YES_ERROR;
				CLANG_WARN_QUOTED_INCLUDE_IN_FRAMEWORK_HEADER = YES;
				CLANG_WARN_RANGE_LOOP_ANALYSIS = YES;
				CLANG_WARN_STRICT_PROTOTYPES = YES;
				CLANG_WARN_SUSPICIOUS_MOVE = YES;
				CLANG_WARN_UNGUARDED_AVAILABILITY = YES_AGGRESSIVE;
				CLANG_WARN_UNREACHABLE_CODE = YES;
				CLANG_WARN__DUPLICATE_METHOD_MATCH = YES;
				COPY_PHASE_STRIP = NO;
				DEBUG_INFORMATION_FORMAT = dwarf;
				ENABLE_STRICT_OBJC_MSGSEND = YES;
				ENABLE_TESTABILITY = YES;
				GCC_C_LANGUAGE_STANDARD = gnu11;
				GCC_DYNAMIC_NO_PIC = NO;
				GCC_NO_COMMON_BLOCKS = YES;
				GCC_OPTIMIZATION_LEVEL = 0;
				GCC_PREPROCESSOR_DEFINITIONS = (
					"DEBUG=1",
					"$(inherited)",
				);
				GCC_WARN_64_TO_32_BIT_CONVERSION = YES;
				GCC_WARN_ABOUT_RETURN_TYPE = YES_ERROR;
				GCC_WARN_UNDECLARED_SELECTOR = YES;
				GCC_WARN_UNINITIALIZED_AUTOS = YES_AGGRESSIVE;
				GCC_WARN_UNUSED_FUNCTION = YES;
				GCC_WARN_UNUSED_VARIABLE = YES;
				IPHONEOS_DEPLOYMENT_TARGET = 14.5;
				MTL_ENABLE_DEBUG_INFO = INCLUDE_SOURCE;
				MTL_FAST_MATH = YES;
				ONLY_ACTIVE_ARCH = YES;
				SDKROOT = iphoneos;
				SWIFT_ACTIVE_COMPILATION_CONDITIONS = DEBUG;
				SWIFT_OPTIMIZATION_LEVEL = "-Onone";
			};
			name = Debug;
		};
		BD1FA57C26C44DF5009580E7 /* Release */ = {
			isa = XCBuildConfiguration;
			buildSettings = {
				ALWAYS_SEARCH_USER_PATHS = NO;
				CLANG_ANALYZER_NONNULL = YES;
				CLANG_ANALYZER_NUMBER_OBJECT_CONVERSION = YES_AGGRESSIVE;
				CLANG_CXX_LANGUAGE_STANDARD = "gnu++14";
				CLANG_CXX_LIBRARY = "libc++";
				CLANG_ENABLE_MODULES = YES;
				CLANG_ENABLE_OBJC_ARC = YES;
				CLANG_ENABLE_OBJC_WEAK = YES;
				CLANG_WARN_BLOCK_CAPTURE_AUTORELEASING = YES;
				CLANG_WARN_BOOL_CONVERSION = YES;
				CLANG_WARN_COMMA = YES;
				CLANG_WARN_CONSTANT_CONVERSION = YES;
				CLANG_WARN_DEPRECATED_OBJC_IMPLEMENTATIONS = YES;
				CLANG_WARN_DIRECT_OBJC_ISA_USAGE = YES_ERROR;
				CLANG_WARN_DOCUMENTATION_COMMENTS = YES;
				CLANG_WARN_EMPTY_BODY = YES;
				CLANG_WARN_ENUM_CONVERSION = YES;
				CLANG_WARN_INFINITE_RECURSION = YES;
				CLANG_WARN_INT_CONVERSION = YES;
				CLANG_WARN_NON_LITERAL_NULL_CONVERSION = YES;
				CLANG_WARN_OBJC_IMPLICIT_RETAIN_SELF = YES;
				CLANG_WARN_OBJC_LITERAL_CONVERSION = YES;
				CLANG_WARN_OBJC_ROOT_CLASS = YES_ERROR;
				CLANG_WARN_QUOTED_INCLUDE_IN_FRAMEWORK_HEADER = YES;
				CLANG_WARN_RANGE_LOOP_ANALYSIS = YES;
				CLANG_WARN_STRICT_PROTOTYPES = YES;
				CLANG_WARN_SUSPICIOUS_MOVE = YES;
				CLANG_WARN_UNGUARDED_AVAILABILITY = YES_AGGRESSIVE;
				CLANG_WARN_UNREACHABLE_CODE = YES;
				CLANG_WARN__DUPLICATE_METHOD_MATCH = YES;
				COPY_PHASE_STRIP = NO;
				DEBUG_INFORMATION_FORMAT = "dwarf-with-dsym";
				ENABLE_NS_ASSERTIONS = NO;
				ENABLE_STRICT_OBJC_MSGSEND = YES;
				GCC_C_LANGUAGE_STANDARD = gnu11;
				GCC_NO_COMMON_BLOCKS = YES;
				GCC_WARN_64_TO_32_BIT_CONVERSION = YES;
				GCC_WARN_ABOUT_RETURN_TYPE = YES_ERROR;
				GCC_WARN_UNDECLARED_SELECTOR = YES;
				GCC_WARN_UNINITIALIZED_AUTOS = YES_AGGRESSIVE;
				GCC_WARN_UNUSED_FUNCTION = YES;
				GCC_WARN_UNUSED_VARIABLE = YES;
				IPHONEOS_DEPLOYMENT_TARGET = 14.5;
				MTL_ENABLE_DEBUG_INFO = NO;
				MTL_FAST_MATH = YES;
				SDKROOT = iphoneos;
				SWIFT_COMPILATION_MODE = wholemodule;
				SWIFT_OPTIMIZATION_LEVEL = "-O";
				VALIDATE_PRODUCT = YES;
			};
			name = Release;
		};
		BD1FA57E26C44DF5009580E7 /* Debug */ = {
			isa = XCBuildConfiguration;
			buildSettings = {
				ASSETCATALOG_COMPILER_APPICON_NAME = AppIcon;
				ASSETCATALOG_COMPILER_GLOBAL_ACCENT_COLOR_NAME = AccentColor;
				CODE_SIGN_STYLE = Automatic;
				DEVELOPMENT_TEAM = DA86X9T539;
				INFOPLIST_FILE = "Youtube-UIKit-API/Info.plist";
				LD_RUNPATH_SEARCH_PATHS = (
					"$(inherited)",
					"@executable_path/Frameworks",
				);
				PRODUCT_BUNDLE_IDENTIFIER = "com.test.Youtube-UIKit-API";
				PRODUCT_NAME = "$(TARGET_NAME)";
				SWIFT_VERSION = 5.0;
				TARGETED_DEVICE_FAMILY = "1,2";
			};
			name = Debug;
		};
		BD1FA57F26C44DF5009580E7 /* Release */ = {
			isa = XCBuildConfiguration;
			buildSettings = {
				ASSETCATALOG_COMPILER_APPICON_NAME = AppIcon;
				ASSETCATALOG_COMPILER_GLOBAL_ACCENT_COLOR_NAME = AccentColor;
				CODE_SIGN_STYLE = Automatic;
				DEVELOPMENT_TEAM = DA86X9T539;
				INFOPLIST_FILE = "Youtube-UIKit-API/Info.plist";
				LD_RUNPATH_SEARCH_PATHS = (
					"$(inherited)",
					"@executable_path/Frameworks",
				);
				PRODUCT_BUNDLE_IDENTIFIER = "com.test.Youtube-UIKit-API";
				PRODUCT_NAME = "$(TARGET_NAME)";
				SWIFT_VERSION = 5.0;
				TARGETED_DEVICE_FAMILY = "1,2";
			};
			name = Release;
		};
/* End XCBuildConfiguration section */

/* Begin XCConfigurationList section */
		BD1FA56126C44DF4009580E7 /* Build configuration list for PBXProject "Youtube-UIKit-API" */ = {
			isa = XCConfigurationList;
			buildConfigurations = (
				BD1FA57B26C44DF5009580E7 /* Debug */,
				BD1FA57C26C44DF5009580E7 /* Release */,
			);
			defaultConfigurationIsVisible = 0;
			defaultConfigurationName = Release;
		};
		BD1FA57D26C44DF5009580E7 /* Build configuration list for PBXNativeTarget "Youtube-UIKit-API" */ = {
			isa = XCConfigurationList;
			buildConfigurations = (
				BD1FA57E26C44DF5009580E7 /* Debug */,
				BD1FA57F26C44DF5009580E7 /* Release */,
			);
			defaultConfigurationIsVisible = 0;
			defaultConfigurationName = Release;
		};
/* End XCConfigurationList section */

/* Begin XCVersionGroup section */
		BD1FA57226C44DF4009580E7 /* Youtube_UIKit_API.xcdatamodeld */ = {
			isa = XCVersionGroup;
			children = (
				BD1FA57326C44DF4009580E7 /* Youtube_UIKit_API.xcdatamodel */,
			);
			currentVersion = BD1FA57326C44DF4009580E7 /* Youtube_UIKit_API.xcdatamodel */;
			path = Youtube_UIKit_API.xcdatamodeld;
			sourceTree = "<group>";
			versionGroupType = wrapper.xcdatamodel;
		};
/* End XCVersionGroup section */
	};
	rootObject = BD1FA55E26C44DF4009580E7 /* Project object */;
}
